// !$*UTF8*$!
{
	archiveVersion = 1;
	classes = {
	};
	objectVersion = 46;
	objects = {

/* Begin PBXBuildFile section */
		CC83E2FE1D05E954000573B1 /* AppDelegate.swift in Sources */ = {isa = PBXBuildFile; fileRef = CC83E2FD1D05E954000573B1 /* AppDelegate.swift */; };
		CC83E3031D05E954000573B1 /* Main.storyboard in Resources */ = {isa = PBXBuildFile; fileRef = CC83E3011D05E954000573B1 /* Main.storyboard */; };
		CC83E3051D05E954000573B1 /* Assets.xcassets in Resources */ = {isa = PBXBuildFile; fileRef = CC83E3041D05E954000573B1 /* Assets.xcassets */; };
		CC83E3081D05E954000573B1 /* LaunchScreen.storyboard in Resources */ = {isa = PBXBuildFile; fileRef = CC83E3061D05E954000573B1 /* LaunchScreen.storyboard */; };
		CC83E3101D05EC1A000573B1 /* PokemonSearchViewController.swift in Sources */ = {isa = PBXBuildFile; fileRef = CC83E30F1D05EC1A000573B1 /* PokemonSearchViewController.swift */; };
		CC83E3121D05EC29000573B1 /* Pokemon.swift in Sources */ = {isa = PBXBuildFile; fileRef = CC83E3111D05EC29000573B1 /* Pokemon.swift */; };
		CC83E3141D05EC39000573B1 /* PokemonController.swift in Sources */ = {isa = PBXBuildFile; fileRef = CC83E3131D05EC39000573B1 /* PokemonController.swift */; };
		CC83E3161D05EC4C000573B1 /* NetworkController.swift in Sources */ = {isa = PBXBuildFile; fileRef = CC83E3151D05EC4C000573B1 /* NetworkController.swift */; };
/* End PBXBuildFile section */

/* Begin PBXFileReference section */
		CC83E2FA1D05E954000573B1 /* PokeApi.app */ = {isa = PBXFileReference; explicitFileType = wrapper.application; includeInIndex = 0; path = PokeApi.app; sourceTree = BUILT_PRODUCTS_DIR; };
		CC83E2FD1D05E954000573B1 /* AppDelegate.swift */ = {isa = PBXFileReference; lastKnownFileType = sourcecode.swift; path = AppDelegate.swift; sourceTree = "<group>"; };
		CC83E3021D05E954000573B1 /* Base */ = {isa = PBXFileReference; lastKnownFileType = file.storyboard; name = Base; path = Base.lproj/Main.storyboard; sourceTree = "<group>"; };
		CC83E3041D05E954000573B1 /* Assets.xcassets */ = {isa = PBXFileReference; lastKnownFileType = folder.assetcatalog; path = Assets.xcassets; sourceTree = "<group>"; };
		CC83E3071D05E954000573B1 /* Base */ = {isa = PBXFileReference; lastKnownFileType = file.storyboard; name = Base; path = Base.lproj/LaunchScreen.storyboard; sourceTree = "<group>"; };
		CC83E3091D05E954000573B1 /* Info.plist */ = {isa = PBXFileReference; lastKnownFileType = text.plist.xml; path = Info.plist; sourceTree = "<group>"; };
		CC83E30F1D05EC1A000573B1 /* PokemonSearchViewController.swift */ = {isa = PBXFileReference; fileEncoding = 4; lastKnownFileType = sourcecode.swift; path = PokemonSearchViewController.swift; sourceTree = "<group>"; };
		CC83E3111D05EC29000573B1 /* Pokemon.swift */ = {isa = PBXFileReference; fileEncoding = 4; lastKnownFileType = sourcecode.swift; path = Pokemon.swift; sourceTree = "<group>"; };
		CC83E3131D05EC39000573B1 /* PokemonController.swift */ = {isa = PBXFileReference; fileEncoding = 4; lastKnownFileType = sourcecode.swift; path = PokemonController.swift; sourceTree = "<group>"; };
		CC83E3151D05EC4C000573B1 /* NetworkController.swift */ = {isa = PBXFileReference; fileEncoding = 4; lastKnownFileType = sourcecode.swift; path = NetworkController.swift; sourceTree = "<group>"; };
/* End PBXFileReference section */

/* Begin PBXFrameworksBuildPhase section */
		CC83E2F71D05E954000573B1 /* Frameworks */ = {
			isa = PBXFrameworksBuildPhase;
			buildActionMask = 2147483647;
			files = (
			);
			runOnlyForDeploymentPostprocessing = 0;
		};
/* End PBXFrameworksBuildPhase section */

/* Begin PBXGroup section */
		CC83E2F11D05E954000573B1 = {
			isa = PBXGroup;
			children = (
				CC83E2FC1D05E954000573B1 /* PokeApi */,
				CC83E2FB1D05E954000573B1 /* Products */,
			);
			sourceTree = "<group>";
		};
		CC83E2FB1D05E954000573B1 /* Products */ = {
			isa = PBXGroup;
			children = (
				CC83E2FA1D05E954000573B1 /* PokeApi.app */,
			);
			name = Products;
			sourceTree = "<group>";
		};
		CC83E2FC1D05E954000573B1 /* PokeApi */ = {
			isa = PBXGroup;
			children = (
				CC83E2FD1D05E954000573B1 /* AppDelegate.swift */,
				CC83E3151D05EC4C000573B1 /* NetworkController.swift */,
				CC83E3111D05EC29000573B1 /* Pokemon.swift */,
				CC83E3131D05EC39000573B1 /* PokemonController.swift */,
				CC83E30F1D05EC1A000573B1 /* PokemonSearchViewController.swift */,
				CC83E3011D05E954000573B1 /* Main.storyboard */,
				CC83E3041D05E954000573B1 /* Assets.xcassets */,
				CC83E3061D05E954000573B1 /* LaunchScreen.storyboard */,
				CC83E3091D05E954000573B1 /* Info.plist */,
			);
			path = PokeApi;
			sourceTree = "<group>";
		};
/* End PBXGroup section */

/* Begin PBXNativeTarget section */
		CC83E2F91D05E954000573B1 /* PokeApi */ = {
			isa = PBXNativeTarget;
			buildConfigurationList = CC83E30C1D05E954000573B1 /* Build configuration list for PBXNativeTarget "PokeApi" */;
			buildPhases = (
				CC83E2F61D05E954000573B1 /* Sources */,
				CC83E2F71D05E954000573B1 /* Frameworks */,
				CC83E2F81D05E954000573B1 /* Resources */,
			);
			buildRules = (
			);
			dependencies = (
			);
			name = PokeApi;
			productName = PokeApi;
			productReference = CC83E2FA1D05E954000573B1 /* PokeApi.app */;
			productType = "com.apple.product-type.application";
		};
/* End PBXNativeTarget section */

/* Begin PBXProject section */
		CC83E2F21D05E954000573B1 /* Project object */ = {
			isa = PBXProject;
			attributes = {
				LastSwiftUpdateCheck = 0730;
				LastUpgradeCheck = 0730;
				ORGANIZATIONNAME = "Eva Bresciano";
				TargetAttributes = {
					CC83E2F91D05E954000573B1 = {
						CreatedOnToolsVersion = 7.3;
						DevelopmentTeam = WP96JMRW5V;
					};
				};
			};
			buildConfigurationList = CC83E2F51D05E954000573B1 /* Build configuration list for PBXProject "PokeApi" */;
			compatibilityVersion = "Xcode 3.2";
			developmentRegion = English;
			hasScannedForEncodings = 0;
			knownRegions = (
				en,
				Base,
			);
			mainGroup = CC83E2F11D05E954000573B1;
			productRefGroup = CC83E2FB1D05E954000573B1 /* Products */;
			projectDirPath = "";
			projectRoot = "";
			targets = (
				CC83E2F91D05E954000573B1 /* PokeApi */,
			);
		};
/* End PBXProject section */

/* Begin PBXResourcesBuildPhase section */
		CC83E2F81D05E954000573B1 /* Resources */ = {
			isa = PBXResourcesBuildPhase;
			buildActionMask = 2147483647;
			files = (
				CC83E3081D05E954000573B1 /* LaunchScreen.storyboard in Resources */,
				CC83E3051D05E954000573B1 /* Assets.xcassets in Resources */,
				CC83E3031D05E954000573B1 /* Main.storyboard in Resources */,
			);
			runOnlyForDeploymentPostprocessing = 0;
		};
/* End PBXResourcesBuildPhase section */

/* Begin PBXSourcesBuildPhase section */
		CC83E2F61D05E954000573B1 /* Sources */ = {
			isa = PBXSourcesBuildPhase;
			buildActionMask = 2147483647;
			files = (
				CC83E3161D05EC4C000573B1 /* NetworkController.swift in Sources */,
				CC83E3101D05EC1A000573B1 /* PokemonSearchViewController.swift in Sources */,
				CC83E2FE1D05E954000573B1 /* AppDelegate.swift in Sources */,
				CC83E3121D05EC29000573B1 /* Pokemon.swift in Sources */,
				CC83E3141D05EC39000573B1 /* PokemonController.swift in Sources */,
			);
			runOnlyForDeploymentPostprocessing = 0;
		};
/* End PBXSourcesBuildPhase section */

/* Begin PBXVariantGroup section */
		CC83E3011D05E954000573B1 /* Main.storyboard */ = {
			isa = PBXVariantGroup;
			children = (
				CC83E3021D05E954000573B1 /* Base */,
			);
			name = Main.storyboard;
			sourceTree = "<group>";
		};
		CC83E3061D05E954000573B1 /* LaunchScreen.storyboard */ = {
			isa = PBXVariantGroup;
			children = (
				CC83E3071D05E954000573B1 /* Base */,
			);
			name = LaunchScreen.storyboard;
			sourceTree = "<group>";
		};
/* End PBXVariantGroup section */

/* Begin XCBuildConfiguration section */
		CC83E30A1D05E954000573B1 /* Debug */ = {
			isa = XCBuildConfiguration;
			buildSettings = {
				ALWAYS_SEARCH_USER_PATHS = NO;
				CLANG_ANALYZER_NONNULL = YES;
				CLANG_CXX_LANGUAGE_STANDARD = "gnu++0x";
				CLANG_CXX_LIBRARY = "libc++";
				CLANG_ENABLE_MODULES = YES;
				CLANG_ENABLE_OBJC_ARC = YES;
				CLANG_WARN_BOOL_CONVERSION = YES;
				CLANG_WARN_CONSTANT_CONVERSION = YES;
				CLANG_WARN_DIRECT_OBJC_ISA_USAGE = YES_ERROR;
				CLANG_WARN_EMPTY_BODY = YES;
				CLANG_WARN_ENUM_CONVERSION = YES;
				CLANG_WARN_INT_CONVERSION = YES;
				CLANG_WARN_OBJC_ROOT_CLASS = YES_ERROR;
				CLANG_WARN_UNREACHABLE_CODE = YES;
				CLANG_WARN__DUPLICATE_METHOD_MATCH = YES;
				"CODE_SIGN_IDENTITY[sdk=iphoneos*]" = "iPhone Developer";
				COPY_PHASE_STRIP = NO;
				DEBUG_INFORMATION_FORMAT = dwarf;
				ENABLE_STRICT_OBJC_MSGSEND = YES;
				ENABLE_TESTABILITY = YES;
				GCC_C_LANGUAGE_STANDARD = gnu99;
				GCC_DYNAMIC_NO_PIC = NO;
				GCC_NO_COMMON_BLOCKS = YES;
				GCC_OPTIMIZATION_LEVEL = 0;
				GCC_PREPROCESSOR_DEFINITIONS = (
					"DEBUG=1",
					"$(inherited)",
				);
				GCC_WARN_64_TO_32_BIT_CONVERSION = YES;
				GCC_WARN_ABOUT_RETURN_TYPE = YES_ERROR;
				GCC_WARN_UNDECLARED_SELECTOR = YES;
				GCC_WARN_UNINITIALIZED_AUTOS = YES_AGGRESSIVE;
				GCC_WARN_UNUSED_FUNCTION = YES;
				GCC_WARN_UNUSED_VARIABLE = YES;
				IPHONEOS_DEPLOYMENT_TARGET = 9.3;
				MTL_ENABLE_DEBUG_INFO = YES;
				ONLY_ACTIVE_ARCH = YES;
				SDKROOT = iphoneos;
				SWIFT_OPTIMIZATION_LEVEL = "-Onone";
				TARGETED_DEVICE_FAMILY = "1,2";
			};
			name = Debug;
		};
		CC83E30B1D05E954000573B1 /* Release */ = {
			isa = XCBuildConfiguration;
			buildSettings = {
				ALWAYS_SEARCH_USER_PATHS = NO;
				CLANG_ANALYZER_NONNULL = YES;
				CLANG_CXX_LANGUAGE_STANDARD = "gnu++0x";
				CLANG_CXX_LIBRARY = "libc++";
				CLANG_ENABLE_MODULES = YES;
				CLANG_ENABLE_OBJC_ARC = YES;
				CLANG_WARN_BOOL_CONVERSION = YES;
				CLANG_WARN_CONSTANT_CONVERSION = YES;
				CLANG_WARN_DIRECT_OBJC_ISA_USAGE = YES_ERROR;
				CLANG_WARN_EMPTY_BODY = YES;
				CLANG_WARN_ENUM_CONVERSION = YES;
				CLANG_WARN_INT_CONVERSION = YES;
				CLANG_WARN_OBJC_ROOT_CLASS = YES_ERROR;
				CLANG_WARN_UNREACHABLE_CODE = YES;
				CLANG_WARN__DUPLICATE_METHOD_MATCH = YES;
				"CODE_SIGN_IDENTITY[sdk=iphoneos*]" = "iPhone Developer";
				COPY_PHASE_STRIP = NO;
				DEBUG_INFORMATION_FORMAT = "dwarf-with-dsym";
				ENABLE_NS_ASSERTIONS = NO;
				ENABLE_STRICT_OBJC_MSGSEND = YES;
				GCC_C_LANGUAGE_STANDARD = gnu99;
				GCC_NO_COMMON_BLOCKS = YES;
				GCC_WARN_64_TO_32_BIT_CONVERSION = YES;
				GCC_WARN_ABOUT_RETURN_TYPE = YES_ERROR;
				GCC_WARN_UNDECLARED_SELECTOR = YES;
				GCC_WARN_UNINITIALIZED_AUTOS = YES_AGGRESSIVE;
				GCC_WARN_UNUSED_FUNCTION = YES;
				GCC_WARN_UNUSED_VARIABLE = YES;
				IPHONEOS_DEPLOYMENT_TARGET = 9.3;
				MTL_ENABLE_DEBUG_INFO = NO;
				SDKROOT = iphoneos;
				TARGETED_DEVICE_FAMILY = "1,2";
				VALIDATE_PRODUCT = YES;
			};
			name = Release;
		};
		CC83E30D1D05E954000573B1 /* Debug */ = {
			isa = XCBuildConfiguration;
			buildSettings = {
				ASSETCATALOG_COMPILER_APPICON_NAME = AppIcon;
				INFOPLIST_FILE = PokeApi/Info.plist;
				LD_RUNPATH_SEARCH_PATHS = "$(inherited) @executable_path/Frameworks";
				PRODUCT_BUNDLE_IDENTIFIER = com.example..PokeApi;
				PRODUCT_NAME = "$(TARGET_NAME)";
			};
			name = Debug;
		};
		CC83E30E1D05E954000573B1 /* Release */ = {
			isa = XCBuildConfiguration;
			buildSettings = {
				ASSETCATALOG_COMPILER_APPICON_NAME = AppIcon;
				INFOPLIST_FILE = PokeApi/Info.plist;
				LD_RUNPATH_SEARCH_PATHS = "$(inherited) @executable_path/Frameworks";
				PRODUCT_BUNDLE_IDENTIFIER = com.example..PokeApi;
				PRODUCT_NAME = "$(TARGET_NAME)";
			};
			name = Release;
		};
/* End XCBuildConfiguration section */

/* Begin XCConfigurationList section */
		CC83E2F51D05E954000573B1 /* Build configuration list for PBXProject "PokeApi" */ = {
			isa = XCConfigurationList;
			buildConfigurations = (
				CC83E30A1D05E954000573B1 /* Debug */,
				CC83E30B1D05E954000573B1 /* Release */,
			);
			defaultConfigurationIsVisible = 0;
			defaultConfigurationName = Release;
		};
		CC83E30C1D05E954000573B1 /* Build configuration list for PBXNativeTarget "PokeApi" */ = {
			isa = XCConfigurationList;
			buildConfigurations = (
				CC83E30D1D05E954000573B1 /* Debug */,
				CC83E30E1D05E954000573B1 /* Release */,
			);
			defaultConfigurationIsVisible = 0;
		};
/* End XCConfigurationList section */
	};
	rootObject = CC83E2F21D05E954000573B1 /* Project object */;
}
